
Microsoft Visual Studio Solution File, Format Version 12.00
# Visual Studio 14
VisualStudioVersion = 14.0.25420.1
MinimumVisualStudioVersion = 10.0.40219.1
Project("{FAE04EC0-301F-11D3-BF4B-00C04F79EFBC}") = "FeigDotNet", "FeigDotNet\FeigDotNet.csproj", "{AF03B941-27E3-454E-95CA-C832275F8805}"
EndProject
Project("{FAE04EC0-301F-11D3-BF4B-00C04F79EFBC}") = "ConsoleTest", "ConsoleTest\ConsoleTest.csproj", "{3E81027A-FE2B-4E04-865C-C84A16E04E4F}"
EndProject
Project("{FAE04EC0-301F-11D3-BF4B-00C04F79EFBC}") = "FeigScan", "FeigScan\FeigScan.csproj", "{C43CC66B-313D-4FC5-81F6-DFE14303CFAD}"
EndProject
Global
	GlobalSection(SolutionConfigurationPlatforms) = preSolution
		Debug|Any CPU = Debug|Any CPU
		Debug|x64 = Debug|x64
		Debug|x86 = Debug|x86
		Release|Any CPU = Release|Any CPU
		Release|x64 = Release|x64
		Release|x86 = Release|x86
	EndGlobalSection
	GlobalSection(ProjectConfigurationPlatforms) = postSolution
		{AF03B941-27E3-454E-95CA-C832275F8805}.Debug|Any CPU.ActiveCfg = Debug|Any CPU
		{AF03B941-27E3-454E-95CA-C832275F8805}.Debug|Any CPU.Build.0 = Debug|Any CPU
		{AF03B941-27E3-454E-95CA-C832275F8805}.Debug|x64.ActiveCfg = Debug|Any CPU
		{AF03B941-27E3-454E-95CA-C832275F8805}.Debug|x64.Build.0 = Debug|Any CPU
		{AF03B941-27E3-454E-95CA-C832275F8805}.Debug|x86.ActiveCfg = Debug|Any CPU
		{AF03B941-27E3-454E-95CA-C832275F8805}.Debug|x86.Build.0 = Debug|Any CPU
		{AF03B941-27E3-454E-95CA-C832275F8805}.Release|Any CPU.ActiveCfg = Release|Any CPU
		{AF03B941-27E3-454E-95CA-C832275F8805}.Release|Any CPU.Build.0 = Release|Any CPU
		{AF03B941-27E3-454E-95CA-C832275F8805}.Release|x64.ActiveCfg = Release|Any CPU
		{AF03B941-27E3-454E-95CA-C832275F8805}.Release|x64.Build.0 = Release|Any CPU
		{AF03B941-27E3-454E-95CA-C832275F8805}.Release|x86.ActiveCfg = Release|Any CPU
		{AF03B941-27E3-454E-95CA-C832275F8805}.Release|x86.Build.0 = Release|Any CPU
		{3E81027A-FE2B-4E04-865C-C84A16E04E4F}.Debug|Any CPU.ActiveCfg = Debug|Any CPU
		{3E81027A-FE2B-4E04-865C-C84A16E04E4F}.Debug|Any CPU.Build.0 = Debug|Any CPU
		{3E81027A-FE2B-4E04-865C-C84A16E04E4F}.Debug|x64.ActiveCfg = Debug|Any CPU
		{3E81027A-FE2B-4E04-865C-C84A16E04E4F}.Debug|x64.Build.0 = Debug|Any CPU
		{3E81027A-FE2B-4E04-865C-C84A16E04E4F}.Debug|x86.ActiveCfg = Debug|Any CPU
		{3E81027A-FE2B-4E04-865C-C84A16E04E4F}.Debug|x86.Build.0 = Debug|Any CPU
		{3E81027A-FE2B-4E04-865C-C84A16E04E4F}.Release|Any CPU.ActiveCfg = Release|Any CPU
		{3E81027A-FE2B-4E04-865C-C84A16E04E4F}.Release|Any CPU.Build.0 = Release|Any CPU
		{3E81027A-FE2B-4E04-865C-C84A16E04E4F}.Release|x64.ActiveCfg = Release|Any CPU
		{3E81027A-FE2B-4E04-865C-C84A16E04E4F}.Release|x64.Build.0 = Release|Any CPU
		{3E81027A-FE2B-4E04-865C-C84A16E04E4F}.Release|x86.ActiveCfg = Release|Any CPU
		{3E81027A-FE2B-4E04-865C-C84A16E04E4F}.Release|x86.Build.0 = Release|Any CPU
		{C43CC66B-313D-4FC5-81F6-DFE14303CFAD}.Debug|Any CPU.ActiveCfg = Debug|Any CPU
		{C43CC66B-313D-4FC5-81F6-DFE14303CFAD}.Debug|Any CPU.Build.0 = Debug|Any CPU
		{C43CC66B-313D-4FC5-81F6-DFE14303CFAD}.Debug|x64.ActiveCfg = Debug|Any CPU
		{C43CC66B-313D-4FC5-81F6-DFE14303CFAD}.Debug|x64.Build.0 = Debug|Any CPU
		{C43CC66B-313D-4FC5-81F6-DFE14303CFAD}.Debug|x86.ActiveCfg = Debug|Any CPU
		{C43CC66B-313D-4FC5-81F6-DFE14303CFAD}.Debug|x86.Build.0 = Debug|Any CPU
		{C43CC66B-313D-4FC5-81F6-DFE14303CFAD}.Release|Any CPU.ActiveCfg = Release|Any CPU
		{C43CC66B-313D-4FC5-81F6-DFE14303CFAD}.Release|Any CPU.Build.0 = Release|Any CPU
		{C43CC66B-313D-4FC5-81F6-DFE14303CFAD}.Release|x64.ActiveCfg = Release|Any CPU
		{C43CC66B-313D-4FC5-81F6-DFE14303CFAD}.Release|x64.Build.0 = Release|Any CPU
		{C43CC66B-313D-4FC5-81F6-DFE14303CFAD}.Release|x86.ActiveCfg = Release|Any CPU
		{C43CC66B-313D-4FC5-81F6-DFE14303CFAD}.Release|x86.Build.0 = Release|Any CPU
	EndGlobalSection
	GlobalSection(SolutionProperties) = preSolution
		HideSolutionNode = FALSE
	EndGlobalSection
EndGlobal
